{
  "requires": true,
  "lockfileVersion": 1,
  "dependencies": {
    "angular4-datepicker": {
      "version": "1.0.1",
      "resolved": "https://registry.npmjs.org/angular4-datepicker/-/angular4-datepicker-1.0.1.tgz",
      "integrity": "sha512-mfrYkCJ5/HdXZj7J331vOPph9n06tQouUtmCjh4Orqq2FCRpia6LeBq11eBJsF9xdMJtMtvx2VjtyD3rAXRf0A=="
    }
  }
}
